
Microsoft Visual Studio Solution File, Format Version 12.00
# Visual Studio 2013
VisualStudioVersion = 12.0.21005.1
MinimumVisualStudioVersion = 10.0.40219.1
Project("{FAE04EC0-301F-11D3-BF4B-00C04F79EFBC}") = "LoanShark.AuthenticationServer", "LoanShark.AuthenticationServer\LoanShark.AuthenticationServer.csproj", "{2ACE4E2A-46EA-4F17-8319-508BEA35E5D9}"
EndProject
Project("{FAE04EC0-301F-11D3-BF4B-00C04F79EFBC}") = "LoanShark.Api", "LoanShark.Api\LoanShark.Api.csproj", "{A92D6CDE-FD70-40C4-AA8B-C324C179982C}"
EndProject
Project("{FAE04EC0-301F-11D3-BF4B-00C04F79EFBC}") = "LoanShark.Origination.Site", "LoanShark.Origination.Site\LoanShark.Origination.Site.csproj", "{674AC7A8-AD6D-47EB-A00F-EB2B4E0AE83E}"
EndProject
Project("{FAE04EC0-301F-11D3-BF4B-00C04F79EFBC}") = "LoanShark.Messaging", "LoanShark.Messaging\LoanShark.Messaging.csproj", "{3CE9ADC5-413C-48A9-875A-A606F22075C6}"
EndProject
Project("{FAE04EC0-301F-11D3-BF4B-00C04F79EFBC}") = "LoanShark.Messaging.RabbitMQ", "LoanShark.Messaging.RabbitMQ\LoanShark.Messaging.RabbitMQ.csproj", "{799D73CB-0253-47EC-983A-623B32363C97}"
EndProject
Project("{FAE04EC0-301F-11D3-BF4B-00C04F79EFBC}") = "LoanShark.Application", "LoanShark.Application\LoanShark.Application.csproj", "{6A57A665-4175-4825-AC75-B788F7A8DD96}"
EndProject
Project("{FAE04EC0-301F-11D3-BF4B-00C04F79EFBC}") = "LoanShark.Tests", "LoanShark.Tests\LoanShark.Tests.csproj", "{7B0D7911-0EE5-44FA-B0BC-196FBE03DFBD}"
EndProject
Project("{FAE04EC0-301F-11D3-BF4B-00C04F79EFBC}") = "LoanShark.Core", "LoanShark.Core\LoanShark.Core.csproj", "{3C9BF820-F85A-46B9-96F3-903CC294E6FD}"
EndProject
Project("{FAE04EC0-301F-11D3-BF4B-00C04F79EFBC}") = "LoanShark.Messaging.EasyNetQ", "LoanShark.Messaging.EasyNetQ\LoanShark.Messaging.EasyNetQ.csproj", "{CD07B7D2-08FA-41BF-A027-19423908BF9A}"
EndProject
Project("{FAE04EC0-301F-11D3-BF4B-00C04F79EFBC}") = "LoanShark.Messaging.Host", "LoanShark.Messaging.Host\LoanShark.Messaging.Host.csproj", "{4F0C62CB-3331-42AD-82CF-BC925AD4500B}"
EndProject
Project("{FAE04EC0-301F-11D3-BF4B-00C04F79EFBC}") = "LoanShark.Infrastructure", "LoanShark.Infrastructure\LoanShark.Infrastructure.csproj", "{44BE75BA-A71D-4A6F-8C8F-6872DC2BF93B}"
EndProject
Project("{FAE04EC0-301F-11D3-BF4B-00C04F79EFBC}") = "LoanShark.AccountManagement.Site", "LoanShark.AccountManagement.Site\LoanShark.AccountManagement.Site.csproj", "{C6DE56A5-EFE0-4FEF-99C8-671CF9D68443}"
EndProject
Project("{2150E333-8FDC-42A3-9474-1A3956D46DE8}") = "UI", "UI", "{E035478C-09B0-4B83-BBAC-F656A7822A1F}"
EndProject
Project("{2150E333-8FDC-42A3-9474-1A3956D46DE8}") = "Core", "Core", "{D1883344-BCD5-426A-9679-5A997BCB6E8C}"
EndProject
Project("{2150E333-8FDC-42A3-9474-1A3956D46DE8}") = "Infrastructure", "Infrastructure", "{526DFD4A-947E-474D-82E6-A1F83B7A143B}"
EndProject
Project("{2150E333-8FDC-42A3-9474-1A3956D46DE8}") = "Test", "Test", "{8D4B445F-C123-4293-A7AB-08F417DF1588}"
EndProject
Project("{FAE04EC0-301F-11D3-BF4B-00C04F79EFBC}") = "LoanShark.UI", "LoanShark.UI\LoanShark.UI.csproj", "{F3B574BE-ACF0-4DBD-BADD-F42D9DE5CE1D}"
EndProject
Project("{2150E333-8FDC-42A3-9474-1A3956D46DE8}") = "Solution Items", "Solution Items", "{5471FD7D-C299-49DE-9278-4CAFA2ACAEE7}"
	ProjectSection(SolutionItems) = preProject
		Links.txt = Links.txt
	EndProjectSection
EndProject
Global
	GlobalSection(SolutionConfigurationPlatforms) = preSolution
		Debug|Any CPU = Debug|Any CPU
		Release|Any CPU = Release|Any CPU
	EndGlobalSection
	GlobalSection(ProjectConfigurationPlatforms) = postSolution
		{2ACE4E2A-46EA-4F17-8319-508BEA35E5D9}.Debug|Any CPU.ActiveCfg = Debug|Any CPU
		{2ACE4E2A-46EA-4F17-8319-508BEA35E5D9}.Debug|Any CPU.Build.0 = Debug|Any CPU
		{2ACE4E2A-46EA-4F17-8319-508BEA35E5D9}.Release|Any CPU.ActiveCfg = Release|Any CPU
		{2ACE4E2A-46EA-4F17-8319-508BEA35E5D9}.Release|Any CPU.Build.0 = Release|Any CPU
		{A92D6CDE-FD70-40C4-AA8B-C324C179982C}.Debug|Any CPU.ActiveCfg = Debug|Any CPU
		{A92D6CDE-FD70-40C4-AA8B-C324C179982C}.Debug|Any CPU.Build.0 = Debug|Any CPU
		{A92D6CDE-FD70-40C4-AA8B-C324C179982C}.Release|Any CPU.ActiveCfg = Release|Any CPU
		{A92D6CDE-FD70-40C4-AA8B-C324C179982C}.Release|Any CPU.Build.0 = Release|Any CPU
		{674AC7A8-AD6D-47EB-A00F-EB2B4E0AE83E}.Debug|Any CPU.ActiveCfg = Debug|Any CPU
		{674AC7A8-AD6D-47EB-A00F-EB2B4E0AE83E}.Debug|Any CPU.Build.0 = Debug|Any CPU
		{674AC7A8-AD6D-47EB-A00F-EB2B4E0AE83E}.Release|Any CPU.ActiveCfg = Release|Any CPU
		{674AC7A8-AD6D-47EB-A00F-EB2B4E0AE83E}.Release|Any CPU.Build.0 = Release|Any CPU
		{3CE9ADC5-413C-48A9-875A-A606F22075C6}.Debug|Any CPU.ActiveCfg = Debug|Any CPU
		{3CE9ADC5-413C-48A9-875A-A606F22075C6}.Debug|Any CPU.Build.0 = Debug|Any CPU
		{3CE9ADC5-413C-48A9-875A-A606F22075C6}.Release|Any CPU.ActiveCfg = Release|Any CPU
		{3CE9ADC5-413C-48A9-875A-A606F22075C6}.Release|Any CPU.Build.0 = Release|Any CPU
		{799D73CB-0253-47EC-983A-623B32363C97}.Debug|Any CPU.ActiveCfg = Debug|Any CPU
		{799D73CB-0253-47EC-983A-623B32363C97}.Debug|Any CPU.Build.0 = Debug|Any CPU
		{799D73CB-0253-47EC-983A-623B32363C97}.Release|Any CPU.ActiveCfg = Release|Any CPU
		{799D73CB-0253-47EC-983A-623B32363C97}.Release|Any CPU.Build.0 = Release|Any CPU
		{6A57A665-4175-4825-AC75-B788F7A8DD96}.Debug|Any CPU.ActiveCfg = Debug|Any CPU
		{6A57A665-4175-4825-AC75-B788F7A8DD96}.Debug|Any CPU.Build.0 = Debug|Any CPU
		{6A57A665-4175-4825-AC75-B788F7A8DD96}.Release|Any CPU.ActiveCfg = Release|Any CPU
		{6A57A665-4175-4825-AC75-B788F7A8DD96}.Release|Any CPU.Build.0 = Release|Any CPU
		{7B0D7911-0EE5-44FA-B0BC-196FBE03DFBD}.Debug|Any CPU.ActiveCfg = Debug|Any CPU
		{7B0D7911-0EE5-44FA-B0BC-196FBE03DFBD}.Debug|Any CPU.Build.0 = Debug|Any CPU
		{7B0D7911-0EE5-44FA-B0BC-196FBE03DFBD}.Release|Any CPU.ActiveCfg = Release|Any CPU
		{7B0D7911-0EE5-44FA-B0BC-196FBE03DFBD}.Release|Any CPU.Build.0 = Release|Any CPU
		{3C9BF820-F85A-46B9-96F3-903CC294E6FD}.Debug|Any CPU.ActiveCfg = Debug|Any CPU
		{3C9BF820-F85A-46B9-96F3-903CC294E6FD}.Debug|Any CPU.Build.0 = Debug|Any CPU
		{3C9BF820-F85A-46B9-96F3-903CC294E6FD}.Release|Any CPU.ActiveCfg = Release|Any CPU
		{3C9BF820-F85A-46B9-96F3-903CC294E6FD}.Release|Any CPU.Build.0 = Release|Any CPU
		{CD07B7D2-08FA-41BF-A027-19423908BF9A}.Debug|Any CPU.ActiveCfg = Debug|Any CPU
		{CD07B7D2-08FA-41BF-A027-19423908BF9A}.Debug|Any CPU.Build.0 = Debug|Any CPU
		{CD07B7D2-08FA-41BF-A027-19423908BF9A}.Release|Any CPU.ActiveCfg = Release|Any CPU
		{CD07B7D2-08FA-41BF-A027-19423908BF9A}.Release|Any CPU.Build.0 = Release|Any CPU
		{4F0C62CB-3331-42AD-82CF-BC925AD4500B}.Debug|Any CPU.ActiveCfg = Debug|Any CPU
		{4F0C62CB-3331-42AD-82CF-BC925AD4500B}.Debug|Any CPU.Build.0 = Debug|Any CPU
		{4F0C62CB-3331-42AD-82CF-BC925AD4500B}.Release|Any CPU.ActiveCfg = Release|Any CPU
		{4F0C62CB-3331-42AD-82CF-BC925AD4500B}.Release|Any CPU.Build.0 = Release|Any CPU
		{44BE75BA-A71D-4A6F-8C8F-6872DC2BF93B}.Debug|Any CPU.ActiveCfg = Debug|Any CPU
		{44BE75BA-A71D-4A6F-8C8F-6872DC2BF93B}.Debug|Any CPU.Build.0 = Debug|Any CPU
		{44BE75BA-A71D-4A6F-8C8F-6872DC2BF93B}.Release|Any CPU.ActiveCfg = Release|Any CPU
		{44BE75BA-A71D-4A6F-8C8F-6872DC2BF93B}.Release|Any CPU.Build.0 = Release|Any CPU
		{C6DE56A5-EFE0-4FEF-99C8-671CF9D68443}.Debug|Any CPU.ActiveCfg = Debug|Any CPU
		{C6DE56A5-EFE0-4FEF-99C8-671CF9D68443}.Debug|Any CPU.Build.0 = Debug|Any CPU
		{C6DE56A5-EFE0-4FEF-99C8-671CF9D68443}.Release|Any CPU.ActiveCfg = Release|Any CPU
		{C6DE56A5-EFE0-4FEF-99C8-671CF9D68443}.Release|Any CPU.Build.0 = Release|Any CPU
		{F3B574BE-ACF0-4DBD-BADD-F42D9DE5CE1D}.Debug|Any CPU.ActiveCfg = Debug|Any CPU
		{F3B574BE-ACF0-4DBD-BADD-F42D9DE5CE1D}.Debug|Any CPU.Build.0 = Debug|Any CPU
		{F3B574BE-ACF0-4DBD-BADD-F42D9DE5CE1D}.Release|Any CPU.ActiveCfg = Release|Any CPU
		{F3B574BE-ACF0-4DBD-BADD-F42D9DE5CE1D}.Release|Any CPU.Build.0 = Release|Any CPU
	EndGlobalSection
	GlobalSection(SolutionProperties) = preSolution
		HideSolutionNode = FALSE
	EndGlobalSection
	GlobalSection(NestedProjects) = preSolution
		{674AC7A8-AD6D-47EB-A00F-EB2B4E0AE83E} = {E035478C-09B0-4B83-BBAC-F656A7822A1F}
		{C6DE56A5-EFE0-4FEF-99C8-671CF9D68443} = {E035478C-09B0-4B83-BBAC-F656A7822A1F}
		{2ACE4E2A-46EA-4F17-8319-508BEA35E5D9} = {E035478C-09B0-4B83-BBAC-F656A7822A1F}
		{F3B574BE-ACF0-4DBD-BADD-F42D9DE5CE1D} = {E035478C-09B0-4B83-BBAC-F656A7822A1F}
		{3CE9ADC5-413C-48A9-875A-A606F22075C6} = {526DFD4A-947E-474D-82E6-A1F83B7A143B}
		{799D73CB-0253-47EC-983A-623B32363C97} = {526DFD4A-947E-474D-82E6-A1F83B7A143B}
		{CD07B7D2-08FA-41BF-A027-19423908BF9A} = {526DFD4A-947E-474D-82E6-A1F83B7A143B}
		{4F0C62CB-3331-42AD-82CF-BC925AD4500B} = {526DFD4A-947E-474D-82E6-A1F83B7A143B}
		{44BE75BA-A71D-4A6F-8C8F-6872DC2BF93B} = {526DFD4A-947E-474D-82E6-A1F83B7A143B}
		{A92D6CDE-FD70-40C4-AA8B-C324C179982C} = {526DFD4A-947E-474D-82E6-A1F83B7A143B}
		{3C9BF820-F85A-46B9-96F3-903CC294E6FD} = {D1883344-BCD5-426A-9679-5A997BCB6E8C}
		{6A57A665-4175-4825-AC75-B788F7A8DD96} = {D1883344-BCD5-426A-9679-5A997BCB6E8C}
		{7B0D7911-0EE5-44FA-B0BC-196FBE03DFBD} = {8D4B445F-C123-4293-A7AB-08F417DF1588}
	EndGlobalSection
EndGlobal
